
Microsoft Visual Studio Solution File, Format Version 12.00
# Visual Studio Version 16
VisualStudioVersion = 16.0.31321.278
MinimumVisualStudioVersion = 10.0.40219.1
Project("{FAE04EC0-301F-11D3-BF4B-00C04F79EFBC}") = "WebApplication1", "WebApplication1\WebApplication1.csproj", "{C5935FFF-0614-4105-8AAA-B5A187020DD0}"
EndProject
Global
	GlobalSection(SolutionConfigurationPlatforms) = preSolution
		Debug|Any CPU = Debug|Any CPU
		Release|Any CPU = Release|Any CPU
	EndGlobalSection
	GlobalSection(ProjectConfigurationPlatforms) = postSolution
		{C5935FFF-0614-4105-8AAA-B5A187020DD0}.Debug|Any CPU.ActiveCfg = Debug|Any CPU
		{C5935FFF-0614-4105-8AAA-B5A187020DD0}.Debug|Any CPU.Build.0 = Debug|Any CPU
		{C5935FFF-0614-4105-8AAA-B5A187020DD0}.Release|Any CPU.ActiveCfg = Release|Any CPU
		{C5935FFF-0614-4105-8AAA-B5A187020DD0}.Release|Any CPU.Build.0 = Release|Any CPU
	EndGlobalSection
	GlobalSection(SolutionProperties) = preSolution
		HideSolutionNode = FALSE
	EndGlobalSection
	GlobalSection(ExtensibilityGlobals) = postSolution
		SolutionGuid = {4103B462-6E8C-440B-AA54-537F30C55D46}
	EndGlobalSection
EndGlobal
